Microsoft Visual Studio Solution File, Format Version 12.00
# Visual Studio 2012
Project("{FAE04EC0-301F-11D3-BF4B-00C04F79EFBC}") = "Rare Earth Mining Tycoon", "Rare Earth Mining Tycoon.csproj", "{FCBAAEFC-2CFE-4DFD-9999-DA2BC78E5235}"
EndProject
Global
	GlobalSection(SolutionConfigurationPlatforms) = preSolution
	Debug|Any CPU = Debug|Any CPU
	ExportDebug|Any CPU = ExportDebug|Any CPU
	ExportRelease|Any CPU = ExportRelease|Any CPU
	EndGlobalSection
	GlobalSection(ProjectConfigurationPlatforms) = postSolution
		{FCBAAEFC-2CFE-4DFD-9999-DA2BC78E5235}.Debug|Any CPU.ActiveCfg = Debug|Any CPU
		{FCBAAEFC-2CFE-4DFD-9999-DA2BC78E5235}.Debug|Any CPU.Build.0 = Debug|Any CPU
		{FCBAAEFC-2CFE-4DFD-9999-DA2BC78E5235}.ExportDebug|Any CPU.ActiveCfg = ExportDebug|Any CPU
		{FCBAAEFC-2CFE-4DFD-9999-DA2BC78E5235}.ExportDebug|Any CPU.Build.0 = ExportDebug|Any CPU
		{FCBAAEFC-2CFE-4DFD-9999-DA2BC78E5235}.ExportRelease|Any CPU.ActiveCfg = ExportRelease|Any CPU
		{FCBAAEFC-2CFE-4DFD-9999-DA2BC78E5235}.ExportRelease|Any CPU.Build.0 = ExportRelease|Any CPU
	EndGlobalSection
EndGlobal
